// !$*UTF8*$!
{
	archiveVersion = 1;
	classes = {
	};
	objectVersion = 50;
	objects = {

/* Begin PBXBuildFile section */
		463F3DB1B0EAB1EC75E7ED90 /* Pods_ScanbotSdkWebKitNativeBridgeExample.framework in Frameworks */ = {isa = PBXBuildFile; fileRef = C7B4965AEA0206A6E5E6C5BC /* Pods_ScanbotSdkWebKitNativeBridgeExample.framework */; };
		64E6F248234DCC7A000D7829 /* AppDelegate.swift in Sources */ = {isa = PBXBuildFile; fileRef = 64E6F247234DCC7A000D7829 /* AppDelegate.swift */; };
		64E6F24A234DCC7A000D7829 /* SceneDelegate.swift in Sources */ = {isa = PBXBuildFile; fileRef = 64E6F249234DCC7A000D7829 /* SceneDelegate.swift */; };
		64E6F24C234DCC7A000D7829 /* ViewController.swift in Sources */ = {isa = PBXBuildFile; fileRef = 64E6F24B234DCC7A000D7829 /* ViewController.swift */; };
		64E6F24F234DCC7A000D7829 /* Main.storyboard in Resources */ = {isa = PBXBuildFile; fileRef = 64E6F24D234DCC7A000D7829 /* Main.storyboard */; };
		64E6F251234DCC7B000D7829 /* Assets.xcassets in Resources */ = {isa = PBXBuildFile; fileRef = 64E6F250234DCC7B000D7829 /* Assets.xcassets */; };
		64E6F254234DCC7B000D7829 /* LaunchScreen.storyboard in Resources */ = {isa = PBXBuildFile; fileRef = 64E6F252234DCC7B000D7829 /* LaunchScreen.storyboard */; };
/* End PBXBuildFile section */

/* Begin PBXFileReference section */
		060CAAEA322E85C333A19B57 /* Pods-ScanbotSdkWebKitNativeBridgeExample.debug.xcconfig */ = {isa = PBXFileReference; includeInIndex = 1; lastKnownFileType = text.xcconfig; name = "Pods-ScanbotSdkWebKitNativeBridgeExample.debug.xcconfig"; path = "Target Support Files/Pods-ScanbotSdkWebKitNativeBridgeExample/Pods-ScanbotSdkWebKitNativeBridgeExample.debug.xcconfig"; sourceTree = "<group>"; };
		64E6F244234DCC7A000D7829 /* ScanbotSdkWebKitNativeBridgeExample.app */ = {isa = PBXFileReference; explicitFileType = wrapper.application; includeInIndex = 0; path = ScanbotSdkWebKitNativeBridgeExample.app; sourceTree = BUILT_PRODUCTS_DIR; };
		64E6F247234DCC7A000D7829 /* AppDelegate.swift */ = {isa = PBXFileReference; lastKnownFileType = sourcecode.swift; path = AppDelegate.swift; sourceTree = "<group>"; };
		64E6F249234DCC7A000D7829 /* SceneDelegate.swift */ = {isa = PBXFileReference; lastKnownFileType = sourcecode.swift; path = SceneDelegate.swift; sourceTree = "<group>"; };
		64E6F24B234DCC7A000D7829 /* ViewController.swift */ = {isa = PBXFileReference; lastKnownFileType = sourcecode.swift; path = ViewController.swift; sourceTree = "<group>"; };
		64E6F24E234DCC7A000D7829 /* Base */ = {isa = PBXFileReference; lastKnownFileType = file.storyboard; name = Base; path = Base.lproj/Main.storyboard; sourceTree = "<group>"; };
		64E6F250234DCC7B000D7829 /* Assets.xcassets */ = {isa = PBXFileReference; lastKnownFileType = folder.assetcatalog; path = Assets.xcassets; sourceTree = "<group>"; };
		64E6F253234DCC7B000D7829 /* Base */ = {isa = PBXFileReference; lastKnownFileType = file.storyboard; name = Base; path = Base.lproj/LaunchScreen.storyboard; sourceTree = "<group>"; };
		64E6F255234DCC7B000D7829 /* Info.plist */ = {isa = PBXFileReference; lastKnownFileType = text.plist.xml; path = Info.plist; sourceTree = "<group>"; };
		C7B4965AEA0206A6E5E6C5BC /* Pods_ScanbotSdkWebKitNativeBridgeExample.framework */ = {isa = PBXFileReference; explicitFileType = wrapper.framework; includeInIndex = 0; path = Pods_ScanbotSdkWebKitNativeBridgeExample.framework; sourceTree = BUILT_PRODUCTS_DIR; };
		E341783C4B1963FF4BCCB03D /* Pods-ScanbotSdkWebKitNativeBridgeExample.release.xcconfig */ = {isa = PBXFileReference; includeInIndex = 1; lastKnownFileType = text.xcconfig; name = "Pods-ScanbotSdkWebKitNativeBridgeExample.release.xcconfig"; path = "Target Support Files/Pods-ScanbotSdkWebKitNativeBridgeExample/Pods-ScanbotSdkWebKitNativeBridgeExample.release.xcconfig"; sourceTree = "<group>"; };
/* End PBXFileReference section */

/* Begin PBXFrameworksBuildPhase section */
		64E6F241234DCC7A000D7829 /* Frameworks */ = {
			isa = PBXFrameworksBuildPhase;
			buildActionMask = 2147483647;
			files = (
				463F3DB1B0EAB1EC75E7ED90 /* Pods_ScanbotSdkWebKitNativeBridgeExample.framework in Frameworks */,
			);
			runOnlyForDeploymentPostprocessing = 0;
		};
/* End PBXFrameworksBuildPhase section */

/* Begin PBXGroup section */
		40377AD9468141AC76A96B68 /* Frameworks */ = {
			isa = PBXGroup;
			children = (
				C7B4965AEA0206A6E5E6C5BC /* Pods_ScanbotSdkWebKitNativeBridgeExample.framework */,
			);
			name = Frameworks;
			sourceTree = "<group>";
		};
		64E6F23B234DCC7A000D7829 = {
			isa = PBXGroup;
			children = (
				64E6F246234DCC7A000D7829 /* ScanbotSdkWebKitNativeBridgeExample */,
				64E6F245234DCC7A000D7829 /* Products */,
				E0441DBB5A72FF74E17FBA4A /* Pods */,
				40377AD9468141AC76A96B68 /* Frameworks */,
			);
			sourceTree = "<group>";
		};
		64E6F245234DCC7A000D7829 /* Products */ = {
			isa = PBXGroup;
			children = (
				64E6F244234DCC7A000D7829 /* ScanbotSdkWebKitNativeBridgeExample.app */,
			);
			name = Products;
			sourceTree = "<group>";
		};
		64E6F246234DCC7A000D7829 /* ScanbotSdkWebKitNativeBridgeExample */ = {
			isa = PBXGroup;
			children = (
				64E6F247234DCC7A000D7829 /* AppDelegate.swift */,
				64E6F249234DCC7A000D7829 /* SceneDelegate.swift */,
				64E6F24B234DCC7A000D7829 /* ViewController.swift */,
				64E6F24D234DCC7A000D7829 /* Main.storyboard */,
				64E6F250234DCC7B000D7829 /* Assets.xcassets */,
				64E6F252234DCC7B000D7829 /* LaunchScreen.storyboard */,
				64E6F255234DCC7B000D7829 /* Info.plist */,
			);
			path = ScanbotSdkWebKitNativeBridgeExample;
			sourceTree = "<group>";
		};
		E0441DBB5A72FF74E17FBA4A /* Pods */ = {
			isa = PBXGroup;
			children = (
				060CAAEA322E85C333A19B57 /* Pods-ScanbotSdkWebKitNativeBridgeExample.debug.xcconfig */,
				E341783C4B1963FF4BCCB03D /* Pods-ScanbotSdkWebKitNativeBridgeExample.release.xcconfig */,
			);
			name = Pods;
			path = Pods;
			sourceTree = "<group>";
		};
/* End PBXGroup section */

/* Begin PBXNativeTarget section */
		64E6F243234DCC7A000D7829 /* ScanbotSdkWebKitNativeBridgeExample */ = {
			isa = PBXNativeTarget;
			buildConfigurationList = 64E6F258234DCC7B000D7829 /* Build configuration list for PBXNativeTarget "ScanbotSdkWebKitNativeBridgeExample" */;
			buildPhases = (
				20C3DF2C1F3772F9DAE93882 /* [CP] Check Pods Manifest.lock */,
				64E6F240234DCC7A000D7829 /* Sources */,
				64E6F241234DCC7A000D7829 /* Frameworks */,
				64E6F242234DCC7A000D7829 /* Resources */,
				E70B946687D4D3A5420ECDEE /* [CP] Embed Pods Frameworks */,
			);
			buildRules = (
			);
			dependencies = (
			);
			name = ScanbotSdkWebKitNativeBridgeExample;
			productName = ScanbotSdkWebKitNativeBridgeExample;
			productReference = 64E6F244234DCC7A000D7829 /* ScanbotSdkWebKitNativeBridgeExample.app */;
			productType = "com.apple.product-type.application";
		};
/* End PBXNativeTarget section */

/* Begin PBXProject section */
		64E6F23C234DCC7A000D7829 /* Project object */ = {
			isa = PBXProject;
			attributes = {
				LastSwiftUpdateCheck = 1100;
				LastUpgradeCheck = 1100;
				ORGANIZATIONNAME = "doo GmbH";
				TargetAttributes = {
					64E6F243234DCC7A000D7829 = {
						CreatedOnToolsVersion = 11.0;
					};
				};
			};
			buildConfigurationList = 64E6F23F234DCC7A000D7829 /* Build configuration list for PBXProject "ScanbotSdkWebKitNativeBridgeExample" */;
			compatibilityVersion = "Xcode 9.3";
			developmentRegion = en;
			hasScannedForEncodings = 0;
			knownRegions = (
				en,
				Base,
			);
			mainGroup = 64E6F23B234DCC7A000D7829;
			productRefGroup = 64E6F245234DCC7A000D7829 /* Products */;
			projectDirPath = "";
			projectRoot = "";
			targets = (
				64E6F243234DCC7A000D7829 /* ScanbotSdkWebKitNativeBridgeExample */,
			);
		};
/* End PBXProject section */

/* Begin PBXResourcesBuildPhase section */
		64E6F242234DCC7A000D7829 /* Resources */ = {
			isa = PBXResourcesBuildPhase;
			buildActionMask = 2147483647;
			files = (
				64E6F254234DCC7B000D7829 /* LaunchScreen.storyboard in Resources */,
				64E6F251234DCC7B000D7829 /* Assets.xcassets in Resources */,
				64E6F24F234DCC7A000D7829 /* Main.storyboard in Resources */,
			);
			runOnlyForDeploymentPostprocessing = 0;
		};
/* End PBXResourcesBuildPhase section */

/* Begin PBXShellScriptBuildPhase section */
		20C3DF2C1F3772F9DAE93882 /* [CP] Check Pods Manifest.lock */ = {
			isa = PBXShellScriptBuildPhase;
			buildActionMask = 2147483647;
			files = (
			);
			inputFileListPaths = (
			);
			inputPaths = (
				"${PODS_PODFILE_DIR_PATH}/Podfile.lock",
				"${PODS_ROOT}/Manifest.lock",
			);
			name = "[CP] Check Pods Manifest.lock";
			outputFileListPaths = (
			);
			outputPaths = (
				"$(DERIVED_FILE_DIR)/Pods-ScanbotSdkWebKitNativeBridgeExample-checkManifestLockResult.txt",
			);
			runOnlyForDeploymentPostprocessing = 0;
			shellPath = /bin/sh;
			shellScript = "diff \"${PODS_PODFILE_DIR_PATH}/Podfile.lock\" \"${PODS_ROOT}/Manifest.lock\" > /dev/null\nif [ $? != 0 ] ; then\n    # print error to STDERR\n    echo \"error: The sandbox is not in sync with the Podfile.lock. Run 'pod install' or update your CocoaPods installation.\" >&2\n    exit 1\nfi\n# This output is used by Xcode 'outputs' to avoid re-running this script phase.\necho \"SUCCESS\" > \"${SCRIPT_OUTPUT_FILE_0}\"\n";
			showEnvVarsInLog = 0;
		};
		E70B946687D4D3A5420ECDEE /* [CP] Embed Pods Frameworks */ = {
			isa = PBXShellScriptBuildPhase;
			buildActionMask = 2147483647;
			files = (
			);
			inputFileListPaths = (
				"${PODS_ROOT}/Target Support Files/Pods-ScanbotSdkWebKitNativeBridgeExample/Pods-ScanbotSdkWebKitNativeBridgeExample-frameworks-${CONFIGURATION}-input-files.xcfilelist",
			);
			name = "[CP] Embed Pods Frameworks";
			outputFileListPaths = (
				"${PODS_ROOT}/Target Support Files/Pods-ScanbotSdkWebKitNativeBridgeExample/Pods-ScanbotSdkWebKitNativeBridgeExample-frameworks-${CONFIGURATION}-output-files.xcfilelist",
			);
			runOnlyForDeploymentPostprocessing = 0;
			shellPath = /bin/sh;
			shellScript = "\"${PODS_ROOT}/Target Support Files/Pods-ScanbotSdkWebKitNativeBridgeExample/Pods-ScanbotSdkWebKitNativeBridgeExample-frameworks.sh\"\n";
			showEnvVarsInLog = 0;
		};
/* End PBXShellScriptBuildPhase section */

/* Begin PBXSourcesBuildPhase section */
		64E6F240234DCC7A000D7829 /* Sources */ = {
			isa = PBXSourcesBuildPhase;
			buildActionMask = 2147483647;
			files = (
				64E6F24C234DCC7A000D7829 /* ViewController.swift in Sources */,
				64E6F248234DCC7A000D7829 /* AppDelegate.swift in Sources */,
				64E6F24A234DCC7A000D7829 /* SceneDelegate.swift in Sources */,
			);
			runOnlyForDeploymentPostprocessing = 0;
		};
/* End PBXSourcesBuildPhase section */

/* Begin PBXVariantGroup section */
		64E6F24D234DCC7A000D7829 /* Main.storyboard */ = {
			isa = PBXVariantGroup;
			children = (
				64E6F24E234DCC7A000D7829 /* Base */,
			);
			name = Main.storyboard;
			sourceTree = "<group>";
		};
		64E6F252234DCC7B000D7829 /* LaunchScreen.storyboard */ = {
			isa = PBXVariantGroup;
			children = (
				64E6F253234DCC7B000D7829 /* Base */,
			);
			name = LaunchScreen.storyboard;
			sourceTree = "<group>";
		};
/* End PBXVariantGroup section */

/* Begin XCBuildConfiguration section */
		64E6F256234DCC7B000D7829 /* Debug */ = {
			isa = XCBuildConfiguration;
			buildSettings = {
				ALWAYS_SEARCH_USER_PATHS = NO;
				CLANG_ANALYZER_NONNULL = YES;
				CLANG_ANALYZER_NUMBER_OBJECT_CONVERSION = YES_AGGRESSIVE;
				CLANG_CXX_LANGUAGE_STANDARD = "gnu++14";
				CLANG_CXX_LIBRARY = "libc++";
				CLANG_ENABLE_MODULES = YES;
				CLANG_ENABLE_OBJC_ARC = YES;
				CLANG_ENABLE_OBJC_WEAK = YES;
				CLANG_WARN_BLOCK_CAPTURE_AUTORELEASING = YES;
				CLANG_WARN_BOOL_CONVERSION = YES;
				CLANG_WARN_COMMA = YES;
				CLANG_WARN_CONSTANT_CONVERSION = YES;
				CLANG_WARN_DEPRECATED_OBJC_IMPLEMENTATIONS = YES;
				CLANG_WARN_DIRECT_OBJC_ISA_USAGE = YES_ERROR;
				CLANG_WARN_DOCUMENTATION_COMMENTS = YES;
				CLANG_WARN_EMPTY_BODY = YES;
				CLANG_WARN_ENUM_CONVERSION = YES;
				CLANG_WARN_INFINITE_RECURSION = YES;
				CLANG_WARN_INT_CONVERSION = YES;
				CLANG_WARN_NON_LITERAL_NULL_CONVERSION = YES;
				CLANG_WARN_OBJC_IMPLICIT_RETAIN_SELF = YES;
				CLANG_WARN_OBJC_LITERAL_CONVERSION = YES;
				CLANG_WARN_OBJC_ROOT_CLASS = YES_ERROR;
				CLANG_WARN_RANGE_LOOP_ANALYSIS = YES;
				CLANG_WARN_STRICT_PROTOTYPES = YES;
				CLANG_WARN_SUSPICIOUS_MOVE = YES;
				CLANG_WARN_UNGUARDED_AVAILABILITY = YES_AGGRESSIVE;
				CLANG_WARN_UNREACHABLE_CODE = YES;
				CLANG_WARN__DUPLICATE_METHOD_MATCH = YES;
				COPY_PHASE_STRIP = NO;
				DEBUG_INFORMATION_FORMAT = dwarf;
				ENABLE_STRICT_OBJC_MSGSEND = YES;
				ENABLE_TESTABILITY = YES;
				GCC_C_LANGUAGE_STANDARD = gnu11;
				GCC_DYNAMIC_NO_PIC = NO;
				GCC_NO_COMMON_BLOCKS = YES;
				GCC_OPTIMIZATION_LEVEL = 0;
				GCC_PREPROCESSOR_DEFINITIONS = (
					"DEBUG=1",
					"$(inherited)",
				);
				GCC_WARN_64_TO_32_BIT_CONVERSION = YES;
				GCC_WARN_ABOUT_RETURN_TYPE = YES_ERROR;
				GCC_WARN_UNDECLARED_SELECTOR = YES;
				GCC_WARN_UNINITIALIZED_AUTOS = YES_AGGRESSIVE;
				GCC_WARN_UNUSED_FUNCTION = YES;
				GCC_WARN_UNUSED_VARIABLE = YES;
				IPHONEOS_DEPLOYMENT_TARGET = 13.0;
				MTL_ENABLE_DEBUG_INFO = INCLUDE_SOURCE;
				MTL_FAST_MATH = YES;
				ONLY_ACTIVE_ARCH = YES;
				SDKROOT = iphoneos;
				SWIFT_ACTIVE_COMPILATION_CONDITIONS = DEBUG;
				SWIFT_OPTIMIZATION_LEVEL = "-Onone";
			};
			name = Debug;
		};
		64E6F257234DCC7B000D7829 /* Release */ = {
			isa = XCBuildConfiguration;
			buildSettings = {
				ALWAYS_SEARCH_USER_PATHS = NO;
				CLANG_ANALYZER_NONNULL = YES;
				CLANG_ANALYZER_NUMBER_OBJECT_CONVERSION = YES_AGGRESSIVE;
				CLANG_CXX_LANGUAGE_STANDARD = "gnu++14";
				CLANG_CXX_LIBRARY = "libc++";
				CLANG_ENABLE_MODULES = YES;
				CLANG_ENABLE_OBJC_ARC = YES;
				CLANG_ENABLE_OBJC_WEAK = YES;
				CLANG_WARN_BLOCK_CAPTURE_AUTORELEASING = YES;
				CLANG_WARN_BOOL_CONVERSION = YES;
				CLANG_WARN_COMMA = YES;
				CLANG_WARN_CONSTANT_CONVERSION = YES;
				CLANG_WARN_DEPRECATED_OBJC_IMPLEMENTATIONS = YES;
				CLANG_WARN_DIRECT_OBJC_ISA_USAGE = YES_ERROR;
				CLANG_WARN_DOCUMENTATION_COMMENTS = YES;
				CLANG_WARN_EMPTY_BODY = YES;
				CLANG_WARN_ENUM_CONVERSION = YES;
				CLANG_WARN_INFINITE_RECURSION = YES;
				CLANG_WARN_INT_CONVERSION = YES;
				CLANG_WARN_NON_LITERAL_NULL_CONVERSION = YES;
				CLANG_WARN_OBJC_IMPLICIT_RETAIN_SELF = YES;
				CLANG_WARN_OBJC_LITERAL_CONVERSION = YES;
				CLANG_WARN_OBJC_ROOT_CLASS = YES_ERROR;
				CLANG_WARN_RANGE_LOOP_ANALYSIS = YES;
				CLANG_WARN_STRICT_PROTOTYPES = YES;
				CLANG_WARN_SUSPICIOUS_MOVE = YES;
				CLANG_WARN_UNGUARDED_AVAILABILITY = YES_AGGRESSIVE;
				CLANG_WARN_UNREACHABLE_CODE = YES;
				CLANG_WARN__DUPLICATE_METHOD_MATCH = YES;
				COPY_PHASE_STRIP = NO;
				DEBUG_INFORMATION_FORMAT = "dwarf-with-dsym";
				ENABLE_NS_ASSERTIONS = NO;
				ENABLE_STRICT_OBJC_MSGSEND = YES;
				GCC_C_LANGUAGE_STANDARD = gnu11;
				GCC_NO_COMMON_BLOCKS = YES;
				GCC_WARN_64_TO_32_BIT_CONVERSION = YES;
				GCC_WARN_ABOUT_RETURN_TYPE = YES_ERROR;
				GCC_WARN_UNDECLARED_SELECTOR = YES;
				GCC_WARN_UNINITIALIZED_AUTOS = YES_AGGRESSIVE;
				GCC_WARN_UNUSED_FUNCTION = YES;
				GCC_WARN_UNUSED_VARIABLE = YES;
				IPHONEOS_DEPLOYMENT_TARGET = 13.0;
				MTL_ENABLE_DEBUG_INFO = NO;
				MTL_FAST_MATH = YES;
				SDKROOT = iphoneos;
				SWIFT_COMPILATION_MODE = wholemodule;
				SWIFT_OPTIMIZATION_LEVEL = "-O";
				VALIDATE_PRODUCT = YES;
			};
			name = Release;
		};
		64E6F259234DCC7B000D7829 /* Debug */ = {
			isa = XCBuildConfiguration;
			baseConfigurationReference = 060CAAEA322E85C333A19B57 /* Pods-ScanbotSdkWebKitNativeBridgeExample.debug.xcconfig */;
			buildSettings = {
				ASSETCATALOG_COMPILER_APPICON_NAME = AppIcon;
				CODE_SIGN_STYLE = Automatic;
				DEVELOPMENT_TEAM = VZ266K5KCR;
				INFOPLIST_FILE = ScanbotSdkWebKitNativeBridgeExample/Info.plist;
				LD_RUNPATH_SEARCH_PATHS = (
					"$(inherited)",
					"@executable_path/Frameworks",
				);
				PRODUCT_BUNDLE_IDENTIFIER = io.scanbot.example.sdk.ScanbotSdkWebKitNativeBridgeExample;
				PRODUCT_NAME = "$(TARGET_NAME)";
				SWIFT_VERSION = 5.0;
				TARGETED_DEVICE_FAMILY = "1,2";
			};
			name = Debug;
		};
		64E6F25A234DCC7B000D7829 /* Release */ = {
			isa = XCBuildConfiguration;
			baseConfigurationReference = E341783C4B1963FF4BCCB03D /* Pods-ScanbotSdkWebKitNativeBridgeExample.release.xcconfig */;
			buildSettings = {
				ASSETCATALOG_COMPILER_APPICON_NAME = AppIcon;
				CODE_SIGN_STYLE = Automatic;
				DEVELOPMENT_TEAM = VZ266K5KCR;
				INFOPLIST_FILE = ScanbotSdkWebKitNativeBridgeExample/Info.plist;
				LD_RUNPATH_SEARCH_PATHS = (
					"$(inherited)",
					"@executable_path/Frameworks",
				);
				PRODUCT_BUNDLE_IDENTIFIER = io.scanbot.example.sdk.ScanbotSdkWebKitNativeBridgeExample;
				PRODUCT_NAME = "$(TARGET_NAME)";
				SWIFT_VERSION = 5.0;
				TARGETED_DEVICE_FAMILY = "1,2";
			};
			name = Release;
		};
/* End XCBuildConfiguration section */

/* Begin XCConfigurationList section */
		64E6F23F234DCC7A000D7829 /* Build configuration list for PBXProject "ScanbotSdkWebKitNativeBridgeExample" */ = {
			isa = XCConfigurationList;
			buildConfigurations = (
				64E6F256234DCC7B000D7829 /* Debug */,
				64E6F257234DCC7B000D7829 /* Release */,
			);
			defaultConfigurationIsVisible = 0;
			defaultConfigurationName = Release;
		};
		64E6F258234DCC7B000D7829 /* Build configuration list for PBXNativeTarget "ScanbotSdkWebKitNativeBridgeExample" */ = {
			isa = XCConfigurationList;
			buildConfigurations = (
				64E6F259234DCC7B000D7829 /* Debug */,
				64E6F25A234DCC7B000D7829 /* Release */,
			);
			defaultConfigurationIsVisible = 0;
			defaultConfigurationName = Release;
		};
/* End XCConfigurationList section */
	};
	rootObject = 64E6F23C234DCC7A000D7829 /* Project object */;
}
